<?xml version="1.0" encoding="utf-8"?>
<Project ToolsVersion="4.0" xmlns="http://schemas.microsoft.com/developer/msbuild/2003">
  <ItemGroup>
    <Filter Include="Source Files">
      <UniqueIdentifier>{D7D50D74-5EE6-4C4E-B515-F67DAFEF1367}</UniqueIdentifier>
      <Extensions>c;cpp;cxx;def;odl;idl;hpj;bat;asm;asmx</Extensions>
    </Filter>
    <Filter Include="Header Files">
      <UniqueIdentifier>{A7CA753F-D095-43F4-96B3-756BA03E1EAA}</UniqueIdentifier>
      <Extensions>h;hpp;hxx;hm;inl;inc;ipp;xsd</Extensions>
    </Filter>
  </ItemGroup>
  <ItemGroup>
    <ClInclude Include="include\mftscan.h">
      <Filter>Header Files</Filter>
    </ClInclude>
    <ClInclude Include="src\model.h">
      <Filter>Header Files</Filter>
    </ClInclude>
    <ClInclude Include="src\session.h">
      <Filter>Header Files</Filter>
    </ClInclude>
  </ItemGroup>
  <ItemGroup>
    <ClCompile Include="src\admin.c">
      <Filter>Source Files</Filter>
    </ClCompile>
    <ClCompile Include="src\aggregate.c">
      <Filter>Source Files</Filter>
    </ClCompile>
    <ClCompile Include="src\ntfs_mft.c">
      <Filter>Source Files</Filter>
    </ClCompile>
    <ClCompile Include="src\ntfs_record.c">
      <Filter>Source Files</Filter>
    </ClCompile>
    <ClCompile Include="src\ntfs_stream.c">
      <Filter>Source Files</Filter>
    </ClCompile>
    <ClCompile Include="src\ntfs_volume.c">
      <Filter>Source Files</Filter>
    </ClCompile>
    <ClCompile Include="src\path_resolver.c">
      <Filter>Source Files</Filter>
    </ClCompile>
    <ClCompile Include="src\platform_scan.c">
      <Filter>Source Files</Filter>
    </ClCompile>
    <ClCompile Include="src\scan.c">
      <Filter>Source Files</Filter>
    </ClCompile>
    <ClCompile Include="src\session.c">
      <Filter>Source Files</Filter>
    </ClCompile>
    <ClCompile Include="src\util.c">
      <Filter>Source Files</Filter>
    </ClCompile>
  </ItemGroup>
</Project>
